
Microsoft Visual Studio Solution File, Format Version 12.00
# Visual Studio Version 16
VisualStudioVersion = 16.0.31729.503
MinimumVisualStudioVersion = 10.0.40219.1
Project("{2150E333-8FDC-42A3-9474-1A3956D46DE8}") = "Application", "Application", "{F88F81DF-384B-4A76-928B-6B9C438D287C}"
EndProject
Project("{2150E333-8FDC-42A3-9474-1A3956D46DE8}") = "Domain", "Domain", "{29742A84-9747-4940-9EB7-1EE1E7D86FF6}"
EndProject
Project("{2150E333-8FDC-42A3-9474-1A3956D46DE8}") = "Infrastructure", "Infrastructure", "{98721FD5-E046-41A6-B399-890C19832651}"
EndProject
Project("{2150E333-8FDC-42A3-9474-1A3956D46DE8}") = "Service", "Service", "{ACE81837-D46C-4AC9-9819-B8B58BA977BC}"
EndProject
Project("{2150E333-8FDC-42A3-9474-1A3956D46DE8}") = "Transversal", "Transversal", "{21979A4D-E4DB-4C42-A978-C06326AC093C}"
EndProject
Project("{FAE04EC0-301F-11D3-BF4B-00C04F79EFBC}") = "Application.Main", "Application.Main\Application.Main.csproj", "{8C4E1940-8A92-48B2-B969-6E850AB05E96}"
EndProject
Project("{FAE04EC0-301F-11D3-BF4B-00C04F79EFBC}") = "Application.Dto", "Application.Dto\Application.Dto.csproj", "{47FFE96F-6E74-46B9-83B0-D9F2D527B8FF}"
EndProject
Project("{FAE04EC0-301F-11D3-BF4B-00C04F79EFBC}") = "Application.Interface", "Application.Interface\Application.Interface.csproj", "{E4099576-6072-46D9-A62B-3C59E804EF53}"
EndProject
Project("{FAE04EC0-301F-11D3-BF4B-00C04F79EFBC}") = "Domain.Core", "Domain.Core\Domain.Core.csproj", "{FDB2684B-9166-40AE-83A9-6CD61357EEE6}"
EndProject
Project("{FAE04EC0-301F-11D3-BF4B-00C04F79EFBC}") = "Domain.Entity", "Domain.Entity\Domain.Entity.csproj", "{0DA702C7-56BB-4BAE-AED0-680181B5C3C7}"
EndProject
Project("{FAE04EC0-301F-11D3-BF4B-00C04F79EFBC}") = "Domain.Interface", "Domain.Interface\Domain.Interface.csproj", "{867B4A4A-81EA-488F-98EA-EE9E6E5493CC}"
EndProject
Project("{FAE04EC0-301F-11D3-BF4B-00C04F79EFBC}") = "Infrastructure.Data", "Infrastructure.Data\Infrastructure.Data.csproj", "{5D1AFE5E-C4E0-47AE-B68B-46FAE56ACBBA}"
EndProject
Project("{FAE04EC0-301F-11D3-BF4B-00C04F79EFBC}") = "Infrastructure.Repository", "Infrastructure.Repository\Infrastructure.Repository.csproj", "{E00F4080-7767-4B2D-8E4A-1FB86203D8B5}"
EndProject
Project("{FAE04EC0-301F-11D3-BF4B-00C04F79EFBC}") = "Infrastructure.Interface", "Infrastructure.Interface\Infrastructure.Interface.csproj", "{3834D40B-98CE-4A6D-A855-9ECF65FFA8AF}"
EndProject
Project("{FAE04EC0-301F-11D3-BF4B-00C04F79EFBC}") = "Transversal.Common", "Transversal.Common\Transversal.Common.csproj", "{B91F1A5F-9356-4C8A-B838-60664D3E6ACD}"
EndProject
Project("{FAE04EC0-301F-11D3-BF4B-00C04F79EFBC}") = "API", "API\API.csproj", "{E21F47ED-EA75-4BF5-82B4-A3DBBCBD19D3}"
EndProject
Global
	GlobalSection(SolutionConfigurationPlatforms) = preSolution
		Debug|Any CPU = Debug|Any CPU
		Release|Any CPU = Release|Any CPU
	EndGlobalSection
	GlobalSection(ProjectConfigurationPlatforms) = postSolution
		{8C4E1940-8A92-48B2-B969-6E850AB05E96}.Debug|Any CPU.ActiveCfg = Debug|Any CPU
		{8C4E1940-8A92-48B2-B969-6E850AB05E96}.Debug|Any CPU.Build.0 = Debug|Any CPU
		{8C4E1940-8A92-48B2-B969-6E850AB05E96}.Release|Any CPU.ActiveCfg = Release|Any CPU
		{8C4E1940-8A92-48B2-B969-6E850AB05E96}.Release|Any CPU.Build.0 = Release|Any CPU
		{47FFE96F-6E74-46B9-83B0-D9F2D527B8FF}.Debug|Any CPU.ActiveCfg = Debug|Any CPU
		{47FFE96F-6E74-46B9-83B0-D9F2D527B8FF}.Debug|Any CPU.Build.0 = Debug|Any CPU
		{47FFE96F-6E74-46B9-83B0-D9F2D527B8FF}.Release|Any CPU.ActiveCfg = Release|Any CPU
		{47FFE96F-6E74-46B9-83B0-D9F2D527B8FF}.Release|Any CPU.Build.0 = Release|Any CPU
		{E4099576-6072-46D9-A62B-3C59E804EF53}.Debug|Any CPU.ActiveCfg = Debug|Any CPU
		{E4099576-6072-46D9-A62B-3C59E804EF53}.Debug|Any CPU.Build.0 = Debug|Any CPU
		{E4099576-6072-46D9-A62B-3C59E804EF53}.Release|Any CPU.ActiveCfg = Release|Any CPU
		{E4099576-6072-46D9-A62B-3C59E804EF53}.Release|Any CPU.Build.0 = Release|Any CPU
		{FDB2684B-9166-40AE-83A9-6CD61357EEE6}.Debug|Any CPU.ActiveCfg = Debug|Any CPU
		{FDB2684B-9166-40AE-83A9-6CD61357EEE6}.Debug|Any CPU.Build.0 = Debug|Any CPU
		{FDB2684B-9166-40AE-83A9-6CD61357EEE6}.Release|Any CPU.ActiveCfg = Release|Any CPU
		{FDB2684B-9166-40AE-83A9-6CD61357EEE6}.Release|Any CPU.Build.0 = Release|Any CPU
		{0DA702C7-56BB-4BAE-AED0-680181B5C3C7}.Debug|Any CPU.ActiveCfg = Debug|Any CPU
		{0DA702C7-56BB-4BAE-AED0-680181B5C3C7}.Debug|Any CPU.Build.0 = Debug|Any CPU
		{0DA702C7-56BB-4BAE-AED0-680181B5C3C7}.Release|Any CPU.ActiveCfg = Release|Any CPU
		{0DA702C7-56BB-4BAE-AED0-680181B5C3C7}.Release|Any CPU.Build.0 = Release|Any CPU
		{867B4A4A-81EA-488F-98EA-EE9E6E5493CC}.Debug|Any CPU.ActiveCfg = Debug|Any CPU
		{867B4A4A-81EA-488F-98EA-EE9E6E5493CC}.Debug|Any CPU.Build.0 = Debug|Any CPU
		{867B4A4A-81EA-488F-98EA-EE9E6E5493CC}.Release|Any CPU.ActiveCfg = Release|Any CPU
		{867B4A4A-81EA-488F-98EA-EE9E6E5493CC}.Release|Any CPU.Build.0 = Release|Any CPU
		{5D1AFE5E-C4E0-47AE-B68B-46FAE56ACBBA}.Debug|Any CPU.ActiveCfg = Debug|Any CPU
		{5D1AFE5E-C4E0-47AE-B68B-46FAE56ACBBA}.Debug|Any CPU.Build.0 = Debug|Any CPU
		{5D1AFE5E-C4E0-47AE-B68B-46FAE56ACBBA}.Release|Any CPU.ActiveCfg = Release|Any CPU
		{5D1AFE5E-C4E0-47AE-B68B-46FAE56ACBBA}.Release|Any CPU.Build.0 = Release|Any CPU
		{E00F4080-7767-4B2D-8E4A-1FB86203D8B5}.Debug|Any CPU.ActiveCfg = Debug|Any CPU
		{E00F4080-7767-4B2D-8E4A-1FB86203D8B5}.Debug|Any CPU.Build.0 = Debug|Any CPU
		{E00F4080-7767-4B2D-8E4A-1FB86203D8B5}.Release|Any CPU.ActiveCfg = Release|Any CPU
		{E00F4080-7767-4B2D-8E4A-1FB86203D8B5}.Release|Any CPU.Build.0 = Release|Any CPU
		{3834D40B-98CE-4A6D-A855-9ECF65FFA8AF}.Debug|Any CPU.ActiveCfg = Debug|Any CPU
		{3834D40B-98CE-4A6D-A855-9ECF65FFA8AF}.Debug|Any CPU.Build.0 = Debug|Any CPU
		{3834D40B-98CE-4A6D-A855-9ECF65FFA8AF}.Release|Any CPU.ActiveCfg = Release|Any CPU
		{3834D40B-98CE-4A6D-A855-9ECF65FFA8AF}.Release|Any CPU.Build.0 = Release|Any CPU
		{B91F1A5F-9356-4C8A-B838-60664D3E6ACD}.Debug|Any CPU.ActiveCfg = Debug|Any CPU
		{B91F1A5F-9356-4C8A-B838-60664D3E6ACD}.Debug|Any CPU.Build.0 = Debug|Any CPU
		{B91F1A5F-9356-4C8A-B838-60664D3E6ACD}.Release|Any CPU.ActiveCfg = Release|Any CPU
		{B91F1A5F-9356-4C8A-B838-60664D3E6ACD}.Release|Any CPU.Build.0 = Release|Any CPU
		{E21F47ED-EA75-4BF5-82B4-A3DBBCBD19D3}.Debug|Any CPU.ActiveCfg = Debug|Any CPU
		{E21F47ED-EA75-4BF5-82B4-A3DBBCBD19D3}.Debug|Any CPU.Build.0 = Debug|Any CPU
		{E21F47ED-EA75-4BF5-82B4-A3DBBCBD19D3}.Release|Any CPU.ActiveCfg = Release|Any CPU
		{E21F47ED-EA75-4BF5-82B4-A3DBBCBD19D3}.Release|Any CPU.Build.0 = Release|Any CPU
	EndGlobalSection
	GlobalSection(SolutionProperties) = preSolution
		HideSolutionNode = FALSE
	EndGlobalSection
	GlobalSection(NestedProjects) = preSolution
		{8C4E1940-8A92-48B2-B969-6E850AB05E96} = {F88F81DF-384B-4A76-928B-6B9C438D287C}
		{47FFE96F-6E74-46B9-83B0-D9F2D527B8FF} = {F88F81DF-384B-4A76-928B-6B9C438D287C}
		{E4099576-6072-46D9-A62B-3C59E804EF53} = {F88F81DF-384B-4A76-928B-6B9C438D287C}
		{FDB2684B-9166-40AE-83A9-6CD61357EEE6} = {29742A84-9747-4940-9EB7-1EE1E7D86FF6}
		{0DA702C7-56BB-4BAE-AED0-680181B5C3C7} = {29742A84-9747-4940-9EB7-1EE1E7D86FF6}
		{867B4A4A-81EA-488F-98EA-EE9E6E5493CC} = {29742A84-9747-4940-9EB7-1EE1E7D86FF6}
		{5D1AFE5E-C4E0-47AE-B68B-46FAE56ACBBA} = {98721FD5-E046-41A6-B399-890C19832651}
		{E00F4080-7767-4B2D-8E4A-1FB86203D8B5} = {98721FD5-E046-41A6-B399-890C19832651}
		{3834D40B-98CE-4A6D-A855-9ECF65FFA8AF} = {98721FD5-E046-41A6-B399-890C19832651}
		{B91F1A5F-9356-4C8A-B838-60664D3E6ACD} = {21979A4D-E4DB-4C42-A978-C06326AC093C}
		{E21F47ED-EA75-4BF5-82B4-A3DBBCBD19D3} = {ACE81837-D46C-4AC9-9819-B8B58BA977BC}
	EndGlobalSection
	GlobalSection(ExtensibilityGlobals) = postSolution
		SolutionGuid = {201742BF-F6C3-4612-8273-D19DCD970CBE}
	EndGlobalSection
EndGlobal
